// !$*UTF8*$!
{
	archiveVersion = 1;
	classes = {
	};
	objectVersion = 55;
	objects = {

/* Begin PBXBuildFile section */
		03B186601713DB3339EFADF3 /* Pods_MVVM_C.framework in Frameworks */ = {isa = PBXBuildFile; fileRef = 96ADD2E3339750DDAF963D5A /* Pods_MVVM_C.framework */; };
		84CA17C32719C91700F07918 /* AppDelegate.swift in Sources */ = {isa = PBXBuildFile; fileRef = 84CA17C22719C91700F07918 /* AppDelegate.swift */; };
		84CA17C52719C91700F07918 /* SceneDelegate.swift in Sources */ = {isa = PBXBuildFile; fileRef = 84CA17C42719C91700F07918 /* SceneDelegate.swift */; };
		84CA17CC2719C92400F07918 /* Assets.xcassets in Resources */ = {isa = PBXBuildFile; fileRef = 84CA17CB2719C92400F07918 /* Assets.xcassets */; };
		84CA17CF2719C92400F07918 /* LaunchScreen.storyboard in Resources */ = {isa = PBXBuildFile; fileRef = 84CA17CD2719C92400F07918 /* LaunchScreen.storyboard */; };
		84CA17D7271DCAB700F07918 /* CoordinatorType.swift in Sources */ = {isa = PBXBuildFile; fileRef = 84CA17D6271DCAB700F07918 /* CoordinatorType.swift */; };
		84CA17D9271DCADF00F07918 /* LoginCoordinator.swift in Sources */ = {isa = PBXBuildFile; fileRef = 84CA17D8271DCADF00F07918 /* LoginCoordinator.swift */; };
		84CA17DB271DCFA800F07918 /* LoginViewController.swift in Sources */ = {isa = PBXBuildFile; fileRef = 84CA17DA271DCFA800F07918 /* LoginViewController.swift */; };
		84CA17DD271DCFB500F07918 /* LoginViewModel.swift in Sources */ = {isa = PBXBuildFile; fileRef = 84CA17DC271DCFB500F07918 /* LoginViewModel.swift */; };
		84CA1801271F4CF200F07918 /* BaseViewController.swift in Sources */ = {isa = PBXBuildFile; fileRef = 84CA1800271F4CF200F07918 /* BaseViewController.swift */; };
		84CA1805271F5D3200F07918 /* SessionRepository.swift in Sources */ = {isa = PBXBuildFile; fileRef = 84CA1804271F5D3200F07918 /* SessionRepository.swift */; };
		84CA1808271F5D9D00F07918 /* UserSession.swift in Sources */ = {isa = PBXBuildFile; fileRef = 84CA1807271F5D9D00F07918 /* UserSession.swift */; };
		84CA180A271F5EB000F07918 /* UserState.swift in Sources */ = {isa = PBXBuildFile; fileRef = 84CA1809271F5EB000F07918 /* UserState.swift */; };
/* End PBXBuildFile section */

/* Begin PBXFileReference section */
		12A418155C6A3B5C7DFCDC69 /* Pods-MVVM+C.release.xcconfig */ = {isa = PBXFileReference; includeInIndex = 1; lastKnownFileType = text.xcconfig; name = "Pods-MVVM+C.release.xcconfig"; path = "Target Support Files/Pods-MVVM+C/Pods-MVVM+C.release.xcconfig"; sourceTree = "<group>"; };
		1A2A7AA17B25D284E130A70D /* Pods-MVVM+C.debug.xcconfig */ = {isa = PBXFileReference; includeInIndex = 1; lastKnownFileType = text.xcconfig; name = "Pods-MVVM+C.debug.xcconfig"; path = "Target Support Files/Pods-MVVM+C/Pods-MVVM+C.debug.xcconfig"; sourceTree = "<group>"; };
		84CA17BF2719C91700F07918 /* MVVM+C.app */ = {isa = PBXFileReference; explicitFileType = wrapper.application; includeInIndex = 0; path = "MVVM+C.app"; sourceTree = BUILT_PRODUCTS_DIR; };
		84CA17C22719C91700F07918 /* AppDelegate.swift */ = {isa = PBXFileReference; lastKnownFileType = sourcecode.swift; path = AppDelegate.swift; sourceTree = "<group>"; };
		84CA17C42719C91700F07918 /* SceneDelegate.swift */ = {isa = PBXFileReference; lastKnownFileType = sourcecode.swift; path = SceneDelegate.swift; sourceTree = "<group>"; };
		84CA17CB2719C92400F07918 /* Assets.xcassets */ = {isa = PBXFileReference; lastKnownFileType = folder.assetcatalog; path = Assets.xcassets; sourceTree = "<group>"; };
		84CA17CE2719C92400F07918 /* Base */ = {isa = PBXFileReference; lastKnownFileType = file.storyboard; name = Base; path = Base.lproj/LaunchScreen.storyboard; sourceTree = "<group>"; };
		84CA17D02719C92400F07918 /* Info.plist */ = {isa = PBXFileReference; lastKnownFileType = text.plist.xml; path = Info.plist; sourceTree = "<group>"; };
		84CA17D6271DCAB700F07918 /* CoordinatorType.swift */ = {isa = PBXFileReference; lastKnownFileType = sourcecode.swift; path = CoordinatorType.swift; sourceTree = "<group>"; };
		84CA17D8271DCADF00F07918 /* LoginCoordinator.swift */ = {isa = PBXFileReference; lastKnownFileType = sourcecode.swift; path = LoginCoordinator.swift; sourceTree = "<group>"; };
		84CA17DA271DCFA800F07918 /* LoginViewController.swift */ = {isa = PBXFileReference; lastKnownFileType = sourcecode.swift; path = LoginViewController.swift; sourceTree = "<group>"; };
		84CA17DC271DCFB500F07918 /* LoginViewModel.swift */ = {isa = PBXFileReference; lastKnownFileType = sourcecode.swift; path = LoginViewModel.swift; sourceTree = "<group>"; };
		84CA1800271F4CF200F07918 /* BaseViewController.swift */ = {isa = PBXFileReference; lastKnownFileType = sourcecode.swift; path = BaseViewController.swift; sourceTree = "<group>"; };
		84CA1804271F5D3200F07918 /* SessionRepository.swift */ = {isa = PBXFileReference; lastKnownFileType = sourcecode.swift; path = SessionRepository.swift; sourceTree = "<group>"; };
		84CA1807271F5D9D00F07918 /* UserSession.swift */ = {isa = PBXFileReference; lastKnownFileType = sourcecode.swift; path = UserSession.swift; sourceTree = "<group>"; };
		84CA1809271F5EB000F07918 /* UserState.swift */ = {isa = PBXFileReference; lastKnownFileType = sourcecode.swift; path = UserState.swift; sourceTree = "<group>"; };
		96ADD2E3339750DDAF963D5A /* Pods_MVVM_C.framework */ = {isa = PBXFileReference; explicitFileType = wrapper.framework; includeInIndex = 0; path = Pods_MVVM_C.framework; sourceTree = BUILT_PRODUCTS_DIR; };
/* End PBXFileReference section */

/* Begin PBXFrameworksBuildPhase section */
		84CA17BC2719C91700F07918 /* Frameworks */ = {
			isa = PBXFrameworksBuildPhase;
			buildActionMask = 2147483647;
			files = (
				03B186601713DB3339EFADF3 /* Pods_MVVM_C.framework in Frameworks */,
			);
			runOnlyForDeploymentPostprocessing = 0;
		};
/* End PBXFrameworksBuildPhase section */

/* Begin PBXGroup section */
		494C705753FA395828B03A7F /* Pods */ = {
			isa = PBXGroup;
			children = (
				1A2A7AA17B25D284E130A70D /* Pods-MVVM+C.debug.xcconfig */,
				12A418155C6A3B5C7DFCDC69 /* Pods-MVVM+C.release.xcconfig */,
			);
			path = Pods;
			sourceTree = "<group>";
		};
		84CA17B62719C91700F07918 = {
			isa = PBXGroup;
			children = (
				84CA17C12719C91700F07918 /* MVVM+C */,
				84CA17C02719C91700F07918 /* Products */,
				494C705753FA395828B03A7F /* Pods */,
				978ABA1A6AE2DE1B8A084065 /* Frameworks */,
			);
			sourceTree = "<group>";
		};
		84CA17C02719C91700F07918 /* Products */ = {
			isa = PBXGroup;
			children = (
				84CA17BF2719C91700F07918 /* MVVM+C.app */,
			);
			name = Products;
			sourceTree = "<group>";
		};
		84CA17C12719C91700F07918 /* MVVM+C */ = {
			isa = PBXGroup;
			children = (
				84CA17C22719C91700F07918 /* AppDelegate.swift */,
				84CA17C42719C91700F07918 /* SceneDelegate.swift */,
				84CA1806271F5D3900F07918 /* Repositories */,
				84CA1802271F4DAD00F07918 /* Types */,
				84CA1803271F4DC700F07918 /* Coordinators */,
				84CA17DE271DCFBF00F07918 /* Screens */,
				84CA17CB2719C92400F07918 /* Assets.xcassets */,
				84CA17CD2719C92400F07918 /* LaunchScreen.storyboard */,
				84CA17D02719C92400F07918 /* Info.plist */,
			);
			path = "MVVM+C";
			sourceTree = "<group>";
		};
		84CA17DE271DCFBF00F07918 /* Screens */ = {
			isa = PBXGroup;
			children = (
				84CA17DF271DCFC800F07918 /* Login */,
			);
			path = Screens;
			sourceTree = "<group>";
		};
		84CA17DF271DCFC800F07918 /* Login */ = {
			isa = PBXGroup;
			children = (
				84CA17DC271DCFB500F07918 /* LoginViewModel.swift */,
				84CA17DA271DCFA800F07918 /* LoginViewController.swift */,
			);
			path = Login;
			sourceTree = "<group>";
		};
		84CA1802271F4DAD00F07918 /* Types */ = {
			isa = PBXGroup;
			children = (
				84CA1800271F4CF200F07918 /* BaseViewController.swift */,
			);
			path = Types;
			sourceTree = "<group>";
		};
		84CA1803271F4DC700F07918 /* Coordinators */ = {
			isa = PBXGroup;
			children = (
				84CA17D8271DCADF00F07918 /* LoginCoordinator.swift */,
				84CA17D6271DCAB700F07918 /* CoordinatorType.swift */,
			);
			path = Coordinators;
			sourceTree = "<group>";
		};
		84CA1806271F5D3900F07918 /* Repositories */ = {
			isa = PBXGroup;
			children = (
				84CA1804271F5D3200F07918 /* SessionRepository.swift */,
				84CA1807271F5D9D00F07918 /* UserSession.swift */,
				84CA1809271F5EB000F07918 /* UserState.swift */,
			);
			path = Repositories;
			sourceTree = "<group>";
		};
		978ABA1A6AE2DE1B8A084065 /* Frameworks */ = {
			isa = PBXGroup;
			children = (
				96ADD2E3339750DDAF963D5A /* Pods_MVVM_C.framework */,
			);
			name = Frameworks;
			sourceTree = "<group>";
		};
/* End PBXGroup section */

/* Begin PBXNativeTarget section */
		84CA17BE2719C91700F07918 /* MVVM+C */ = {
			isa = PBXNativeTarget;
			buildConfigurationList = 84CA17D32719C92400F07918 /* Build configuration list for PBXNativeTarget "MVVM+C" */;
			buildPhases = (
				2C3F3384EC7CFDCA5114937D /* [CP] Check Pods Manifest.lock */,
				84CA17BB2719C91700F07918 /* Sources */,
				84CA17BC2719C91700F07918 /* Frameworks */,
				84CA17BD2719C91700F07918 /* Resources */,
				984D832AB285C430F48F68F3 /* [CP] Embed Pods Frameworks */,
			);
			buildRules = (
			);
			dependencies = (
			);
			name = "MVVM+C";
			productName = "MVVM+C";
			productReference = 84CA17BF2719C91700F07918 /* MVVM+C.app */;
			productType = "com.apple.product-type.application";
		};
/* End PBXNativeTarget section */

/* Begin PBXProject section */
		84CA17B72719C91700F07918 /* Project object */ = {
			isa = PBXProject;
			attributes = {
				BuildIndependentTargetsInParallel = 1;
				LastSwiftUpdateCheck = 1300;
				LastUpgradeCheck = 1300;
				TargetAttributes = {
					84CA17BE2719C91700F07918 = {
						CreatedOnToolsVersion = 13.0;
					};
				};
			};
			buildConfigurationList = 84CA17BA2719C91700F07918 /* Build configuration list for PBXProject "MVVM+C" */;
			compatibilityVersion = "Xcode 13.0";
			developmentRegion = en;
			hasScannedForEncodings = 0;
			knownRegions = (
				en,
				Base,
			);
			mainGroup = 84CA17B62719C91700F07918;
			productRefGroup = 84CA17C02719C91700F07918 /* Products */;
			projectDirPath = "";
			projectRoot = "";
			targets = (
				84CA17BE2719C91700F07918 /* MVVM+C */,
			);
		};
/* End PBXProject section */

/* Begin PBXResourcesBuildPhase section */
		84CA17BD2719C91700F07918 /* Resources */ = {
			isa = PBXResourcesBuildPhase;
			buildActionMask = 2147483647;
			files = (
				84CA17CF2719C92400F07918 /* LaunchScreen.storyboard in Resources */,
				84CA17CC2719C92400F07918 /* Assets.xcassets in Resources */,
			);
			runOnlyForDeploymentPostprocessing = 0;
		};
/* End PBXResourcesBuildPhase section */

/* Begin PBXShellScriptBuildPhase section */
		2C3F3384EC7CFDCA5114937D /* [CP] Check Pods Manifest.lock */ = {
			isa = PBXShellScriptBuildPhase;
			buildActionMask = 2147483647;
			files = (
			);
			inputFileListPaths = (
			);
			inputPaths = (
				"${PODS_PODFILE_DIR_PATH}/Podfile.lock",
				"${PODS_ROOT}/Manifest.lock",
			);
			name = "[CP] Check Pods Manifest.lock";
			outputFileListPaths = (
			);
			outputPaths = (
				"$(DERIVED_FILE_DIR)/Pods-MVVM+C-checkManifestLockResult.txt",
			);
			runOnlyForDeploymentPostprocessing = 0;
			shellPath = /bin/sh;
			shellScript = "diff \"${PODS_PODFILE_DIR_PATH}/Podfile.lock\" \"${PODS_ROOT}/Manifest.lock\" > /dev/null\nif [ $? != 0 ] ; then\n    # print error to STDERR\n    echo \"error: The sandbox is not in sync with the Podfile.lock. Run 'pod install' or update your CocoaPods installation.\" >&2\n    exit 1\nfi\n# This output is used by Xcode 'outputs' to avoid re-running this script phase.\necho \"SUCCESS\" > \"${SCRIPT_OUTPUT_FILE_0}\"\n";
			showEnvVarsInLog = 0;
		};
		984D832AB285C430F48F68F3 /* [CP] Embed Pods Frameworks */ = {
			isa = PBXShellScriptBuildPhase;
			buildActionMask = 2147483647;
			files = (
			);
			inputFileListPaths = (
				"${PODS_ROOT}/Target Support Files/Pods-MVVM+C/Pods-MVVM+C-frameworks-${CONFIGURATION}-input-files.xcfilelist",
			);
			name = "[CP] Embed Pods Frameworks";
			outputFileListPaths = (
				"${PODS_ROOT}/Target Support Files/Pods-MVVM+C/Pods-MVVM+C-frameworks-${CONFIGURATION}-output-files.xcfilelist",
			);
			runOnlyForDeploymentPostprocessing = 0;
			shellPath = /bin/sh;
			shellScript = "\"${PODS_ROOT}/Target Support Files/Pods-MVVM+C/Pods-MVVM+C-frameworks.sh\"\n";
			showEnvVarsInLog = 0;
		};
/* End PBXShellScriptBuildPhase section */

/* Begin PBXSourcesBuildPhase section */
		84CA17BB2719C91700F07918 /* Sources */ = {
			isa = PBXSourcesBuildPhase;
			buildActionMask = 2147483647;
			files = (
				84CA17DB271DCFA800F07918 /* LoginViewController.swift in Sources */,
				84CA17C32719C91700F07918 /* AppDelegate.swift in Sources */,
				84CA17D9271DCADF00F07918 /* LoginCoordinator.swift in Sources */,
				84CA17D7271DCAB700F07918 /* CoordinatorType.swift in Sources */,
				84CA1801271F4CF200F07918 /* BaseViewController.swift in Sources */,
				84CA17C52719C91700F07918 /* SceneDelegate.swift in Sources */,
				84CA180A271F5EB000F07918 /* UserState.swift in Sources */,
				84CA1808271F5D9D00F07918 /* UserSession.swift in Sources */,
				84CA1805271F5D3200F07918 /* SessionRepository.swift in Sources */,
				84CA17DD271DCFB500F07918 /* LoginViewModel.swift in Sources */,
			);
			runOnlyForDeploymentPostprocessing = 0;
		};
/* End PBXSourcesBuildPhase section */

/* Begin PBXVariantGroup section */
		84CA17CD2719C92400F07918 /* LaunchScreen.storyboard */ = {
			isa = PBXVariantGroup;
			children = (
				84CA17CE2719C92400F07918 /* Base */,
			);
			name = LaunchScreen.storyboard;
			sourceTree = "<group>";
		};
/* End PBXVariantGroup section */

/* Begin XCBuildConfiguration section */
		84CA17D12719C92400F07918 /* Debug */ = {
			isa = XCBuildConfiguration;
			buildSettings = {
				ALWAYS_SEARCH_USER_PATHS = NO;
				CLANG_ANALYZER_NONNULL = YES;
				CLANG_ANALYZER_NUMBER_OBJECT_CONVERSION = YES_AGGRESSIVE;
				CLANG_CXX_LANGUAGE_STANDARD = "gnu++17";
				CLANG_CXX_LIBRARY = "libc++";
				CLANG_ENABLE_MODULES = YES;
				CLANG_ENABLE_OBJC_ARC = YES;
				CLANG_ENABLE_OBJC_WEAK = YES;
				CLANG_WARN_BLOCK_CAPTURE_AUTORELEASING = YES;
				CLANG_WARN_BOOL_CONVERSION = YES;
				CLANG_WARN_COMMA = YES;
				CLANG_WARN_CONSTANT_CONVERSION = YES;
				CLANG_WARN_DEPRECATED_OBJC_IMPLEMENTATIONS = YES;
				CLANG_WARN_DIRECT_OBJC_ISA_USAGE = YES_ERROR;
				CLANG_WARN_DOCUMENTATION_COMMENTS = YES;
				CLANG_WARN_EMPTY_BODY = YES;
				CLANG_WARN_ENUM_CONVERSION = YES;
				CLANG_WARN_INFINITE_RECURSION = YES;
				CLANG_WARN_INT_CONVERSION = YES;
				CLANG_WARN_NON_LITERAL_NULL_CONVERSION = YES;
				CLANG_WARN_OBJC_IMPLICIT_RETAIN_SELF = YES;
				CLANG_WARN_OBJC_LITERAL_CONVERSION = YES;
				CLANG_WARN_OBJC_ROOT_CLASS = YES_ERROR;
				CLANG_WARN_QUOTED_INCLUDE_IN_FRAMEWORK_HEADER = YES;
				CLANG_WARN_RANGE_LOOP_ANALYSIS = YES;
				CLANG_WARN_STRICT_PROTOTYPES = YES;
				CLANG_WARN_SUSPICIOUS_MOVE = YES;
				CLANG_WARN_UNGUARDED_AVAILABILITY = YES_AGGRESSIVE;
				CLANG_WARN_UNREACHABLE_CODE = YES;
				CLANG_WARN__DUPLICATE_METHOD_MATCH = YES;
				COPY_PHASE_STRIP = NO;
				DEBUG_INFORMATION_FORMAT = dwarf;
				ENABLE_STRICT_OBJC_MSGSEND = YES;
				ENABLE_TESTABILITY = YES;
				GCC_C_LANGUAGE_STANDARD = gnu11;
				GCC_DYNAMIC_NO_PIC = NO;
				GCC_NO_COMMON_BLOCKS = YES;
				GCC_OPTIMIZATION_LEVEL = 0;
				GCC_PREPROCESSOR_DEFINITIONS = (
					"DEBUG=1",
					"$(inherited)",
				);
				GCC_WARN_64_TO_32_BIT_CONVERSION = YES;
				GCC_WARN_ABOUT_RETURN_TYPE = YES_ERROR;
				GCC_WARN_UNDECLARED_SELECTOR = YES;
				GCC_WARN_UNINITIALIZED_AUTOS = YES_AGGRESSIVE;
				GCC_WARN_UNUSED_FUNCTION = YES;
				GCC_WARN_UNUSED_VARIABLE = YES;
				IPHONEOS_DEPLOYMENT_TARGET = 15.0;
				MTL_ENABLE_DEBUG_INFO = INCLUDE_SOURCE;
				MTL_FAST_MATH = YES;
				ONLY_ACTIVE_ARCH = YES;
				SDKROOT = iphoneos;
				SWIFT_ACTIVE_COMPILATION_CONDITIONS = DEBUG;
				SWIFT_OPTIMIZATION_LEVEL = "-Onone";
			};
			name = Debug;
		};
		84CA17D22719C92400F07918 /* Release */ = {
			isa = XCBuildConfiguration;
			buildSettings = {
				ALWAYS_SEARCH_USER_PATHS = NO;
				CLANG_ANALYZER_NONNULL = YES;
				CLANG_ANALYZER_NUMBER_OBJECT_CONVERSION = YES_AGGRESSIVE;
				CLANG_CXX_LANGUAGE_STANDARD = "gnu++17";
				CLANG_CXX_LIBRARY = "libc++";
				CLANG_ENABLE_MODULES = YES;
				CLANG_ENABLE_OBJC_ARC = YES;
				CLANG_ENABLE_OBJC_WEAK = YES;
				CLANG_WARN_BLOCK_CAPTURE_AUTORELEASING = YES;
				CLANG_WARN_BOOL_CONVERSION = YES;
				CLANG_WARN_COMMA = YES;
				CLANG_WARN_CONSTANT_CONVERSION = YES;
				CLANG_WARN_DEPRECATED_OBJC_IMPLEMENTATIONS = YES;
				CLANG_WARN_DIRECT_OBJC_ISA_USAGE = YES_ERROR;
				CLANG_WARN_DOCUMENTATION_COMMENTS = YES;
				CLANG_WARN_EMPTY_BODY = YES;
				CLANG_WARN_ENUM_CONVERSION = YES;
				CLANG_WARN_INFINITE_RECURSION = YES;
				CLANG_WARN_INT_CONVERSION = YES;
				CLANG_WARN_NON_LITERAL_NULL_CONVERSION = YES;
				CLANG_WARN_OBJC_IMPLICIT_RETAIN_SELF = YES;
				CLANG_WARN_OBJC_LITERAL_CONVERSION = YES;
				CLANG_WARN_OBJC_ROOT_CLASS = YES_ERROR;
				CLANG_WARN_QUOTED_INCLUDE_IN_FRAMEWORK_HEADER = YES;
				CLANG_WARN_RANGE_LOOP_ANALYSIS = YES;
				CLANG_WARN_STRICT_PROTOTYPES = YES;
				CLANG_WARN_SUSPICIOUS_MOVE = YES;
				CLANG_WARN_UNGUARDED_AVAILABILITY = YES_AGGRESSIVE;
				CLANG_WARN_UNREACHABLE_CODE = YES;
				CLANG_WARN__DUPLICATE_METHOD_MATCH = YES;
				COPY_PHASE_STRIP = NO;
				DEBUG_INFORMATION_FORMAT = "dwarf-with-dsym";
				ENABLE_NS_ASSERTIONS = NO;
				ENABLE_STRICT_OBJC_MSGSEND = YES;
				GCC_C_LANGUAGE_STANDARD = gnu11;
				GCC_NO_COMMON_BLOCKS = YES;
				GCC_WARN_64_TO_32_BIT_CONVERSION = YES;
				GCC_WARN_ABOUT_RETURN_TYPE = YES_ERROR;
				GCC_WARN_UNDECLARED_SELECTOR = YES;
				GCC_WARN_UNINITIALIZED_AUTOS = YES_AGGRESSIVE;
				GCC_WARN_UNUSED_FUNCTION = YES;
				GCC_WARN_UNUSED_VARIABLE = YES;
				IPHONEOS_DEPLOYMENT_TARGET = 15.0;
				MTL_ENABLE_DEBUG_INFO = NO;
				MTL_FAST_MATH = YES;
				SDKROOT = iphoneos;
				SWIFT_COMPILATION_MODE = wholemodule;
				SWIFT_OPTIMIZATION_LEVEL = "-O";
				VALIDATE_PRODUCT = YES;
			};
			name = Release;
		};
		84CA17D42719C92400F07918 /* Debug */ = {
			isa = XCBuildConfiguration;
			baseConfigurationReference = 1A2A7AA17B25D284E130A70D /* Pods-MVVM+C.debug.xcconfig */;
			buildSettings = {
				ASSETCATALOG_COMPILER_APPICON_NAME = AppIcon;
				ASSETCATALOG_COMPILER_GLOBAL_ACCENT_COLOR_NAME = AccentColor;
				CODE_SIGN_STYLE = Automatic;
				CURRENT_PROJECT_VERSION = 1;
				DEVELOPMENT_TEAM = L9C33X24K8;
				GENERATE_INFOPLIST_FILE = YES;
				INFOPLIST_FILE = "MVVM+C/Info.plist";
				INFOPLIST_KEY_UIApplicationSupportsIndirectInputEvents = YES;
				INFOPLIST_KEY_UILaunchStoryboardName = LaunchScreen;
				INFOPLIST_KEY_UISupportedInterfaceOrientations_iPad = "UIInterfaceOrientationPortrait UIInterfaceOrientationPortraitUpsideDown UIInterfaceOrientationLandscapeLeft UIInterfaceOrientationLandscapeRight";
				INFOPLIST_KEY_UISupportedInterfaceOrientations_iPhone = "UIInterfaceOrientationPortrait UIInterfaceOrientationLandscapeLeft UIInterfaceOrientationLandscapeRight";
				LD_RUNPATH_SEARCH_PATHS = (
					"$(inherited)",
					"@executable_path/Frameworks",
				);
				MARKETING_VERSION = 1.0;
				PRODUCT_BUNDLE_IDENTIFIER = "itClass.MVVM-C";
				PRODUCT_NAME = "$(TARGET_NAME)";
				SWIFT_EMIT_LOC_STRINGS = YES;
				SWIFT_VERSION = 5.0;
				TARGETED_DEVICE_FAMILY = "1,2";
			};
			name = Debug;
		};
		84CA17D52719C92400F07918 /* Release */ = {
			isa = XCBuildConfiguration;
			baseConfigurationReference = 12A418155C6A3B5C7DFCDC69 /* Pods-MVVM+C.release.xcconfig */;
			buildSettings = {
				ASSETCATALOG_COMPILER_APPICON_NAME = AppIcon;
				ASSETCATALOG_COMPILER_GLOBAL_ACCENT_COLOR_NAME = AccentColor;
				CODE_SIGN_STYLE = Automatic;
				CURRENT_PROJECT_VERSION = 1;
				DEVELOPMENT_TEAM = L9C33X24K8;
				GENERATE_INFOPLIST_FILE = YES;
				INFOPLIST_FILE = "MVVM+C/Info.plist";
				INFOPLIST_KEY_UIApplicationSupportsIndirectInputEvents = YES;
				INFOPLIST_KEY_UILaunchStoryboardName = LaunchScreen;
				INFOPLIST_KEY_UISupportedInterfaceOrientations_iPad = "UIInterfaceOrientationPortrait UIInterfaceOrientationPortraitUpsideDown UIInterfaceOrientationLandscapeLeft UIInterfaceOrientationLandscapeRight";
				INFOPLIST_KEY_UISupportedInterfaceOrientations_iPhone = "UIInterfaceOrientationPortrait UIInterfaceOrientationLandscapeLeft UIInterfaceOrientationLandscapeRight";
				LD_RUNPATH_SEARCH_PATHS = (
					"$(inherited)",
					"@executable_path/Frameworks",
				);
				MARKETING_VERSION = 1.0;
				PRODUCT_BUNDLE_IDENTIFIER = "itClass.MVVM-C";
				PRODUCT_NAME = "$(TARGET_NAME)";
				SWIFT_EMIT_LOC_STRINGS = YES;
				SWIFT_VERSION = 5.0;
				TARGETED_DEVICE_FAMILY = "1,2";
			};
			name = Release;
		};
/* End XCBuildConfiguration section */

/* Begin XCConfigurationList section */
		84CA17BA2719C91700F07918 /* Build configuration list for PBXProject "MVVM+C" */ = {
			isa = XCConfigurationList;
			buildConfigurations = (
				84CA17D12719C92400F07918 /* Debug */,
				84CA17D22719C92400F07918 /* Release */,
			);
			defaultConfigurationIsVisible = 0;
			defaultConfigurationName = Release;
		};
		84CA17D32719C92400F07918 /* Build configuration list for PBXNativeTarget "MVVM+C" */ = {
			isa = XCConfigurationList;
			buildConfigurations = (
				84CA17D42719C92400F07918 /* Debug */,
				84CA17D52719C92400F07918 /* Release */,
			);
			defaultConfigurationIsVisible = 0;
			defaultConfigurationName = Release;
		};
/* End XCConfigurationList section */
	};
	rootObject = 84CA17B72719C91700F07918 /* Project object */;
}
